schema: '2.0'
stages:
  load_data:
    cmd: python src/load_data.py --config=params.yaml
    deps:
    - path: data_given/news.csv
      md5: 073d0c904a036702556ee551bff9b0b4
      size: 30696129
    - path: src/get_data.py
      md5: 1ae02966b056efda33039c92baceb6d4
      size: 662
    - path: src/load_data.py
      md5: 3fae983427f8292e2f1725e4e2454a80
      size: 625
    outs:
    - path: data/raw/news.csv
      md5: 198d9a95fb8e569ba2ffc9919c853cfe
      size: 30702475
  pre-processing:
    cmd: python src/pre_processing.py --config=params.yaml
    deps:
    - path: data/raw/news.csv
      md5: 198d9a95fb8e569ba2ffc9919c853cfe
      size: 30702475
    - path: src/get_data.py
      md5: 1ae02966b056efda33039c92baceb6d4
      size: 662
    - path: src/pre_processing.py
      md5: 6c1db029d160c616e0b9a28bd5edcd1d
      size: 926
    outs:
    - path: data/pre-processed/news.csv
      md5: 9dfc238972df68bcb9a08723e86224f4
      size: 30662277
  train-test-split:
    cmd: python src/train_test_split_data.py --config=params.yaml
    deps:
    - path: data/pre-processed/news.csv
      md5: 9dfc238972df68bcb9a08723e86224f4
      size: 30662277
    - path: src/get_data.py
      md5: 1ae02966b056efda33039c92baceb6d4
      size: 662
    - path: src/train_test_split_data.py
      md5: 579151b70f10859bdac2fc4bea4cf9b2
      size: 1379
    outs:
    - path: data/processed/test_news.csv
      md5: 2521806c3bef53a379cf69ee70bd2db9
      size: 6311634
    - path: data/processed/train_news.csv
      md5: ab5fbd3a0c16d7286624669d67527bd9
      size: 24380112
  model-training:
    cmd: python src/training_and_evaluation.py --config=params.yaml
    deps:
    - path: data/processed/test_news.csv
      md5: 2521806c3bef53a379cf69ee70bd2db9
      size: 6311634
    - path: data/processed/train_news.csv
      md5: ab5fbd3a0c16d7286624669d67527bd9
      size: 24380112
    - path: src/get_data.py
      md5: 1ae02966b056efda33039c92baceb6d4
      size: 662
    - path: src/processing_input.py
      md5: 750126e1192d302e4c9de54425dc9184
      size: 1175
    - path: src/training_and_evaluation.py
      md5: f8f1d6903720d6bfce45eb89d0a9122d
      size: 2420
    params:
      params.yaml:
        estimators.model-1.params.C: 1
  log_production_model:
    cmd: python src/log_production_model.py --config=params.yaml
    deps:
    - path: src/log_production_model.py
      md5: c8b49dce90b4e1803ac10469a0a32f19
      size: 1874
