schema: '2.0'
stages:
  load_data:
    cmd: python src/load_data.py --config=params.yaml
    deps:
    - path: data_given/news.csv
      md5: 073d0c904a036702556ee551bff9b0b4
      size: 30696129
    - path: src/get_data.py
      md5: 5f2b20db76cd0f1e21323058e841fab7
      size: 655
    - path: src/load_data.py
      md5: 4d1f0b097a00d190c34a5efcd05c83ed
      size: 606
    outs:
    - path: data/raw/news.csv
      md5: 198d9a95fb8e569ba2ffc9919c853cfe
      size: 30702475
  pre-processing:
    cmd: python src/pre_processing.py --config=params.yaml
    deps:
    - path: data/raw/news.csv
      md5: 198d9a95fb8e569ba2ffc9919c853cfe
      size: 30702475
    - path: src/get_data.py
      md5: 5f2b20db76cd0f1e21323058e841fab7
      size: 655
    - path: src/pre_processing.py
      md5: 48afd129f5a529988f9e1a19cea7625e
      size: 900
    outs:
    - path: data/pre-processed/news.csv
      md5: 9dfc238972df68bcb9a08723e86224f4
      size: 30662277
  train-test-split:
    cmd: python src/train_test_split_data.py --config=params.yaml
    deps:
    - path: data/pre-processed/news.csv
      md5: 9dfc238972df68bcb9a08723e86224f4
      size: 30662277
    - path: src/get_data.py
      md5: 5f2b20db76cd0f1e21323058e841fab7
      size: 655
    - path: src/train_test_split_data.py
      md5: 7ef7464392e77e96be78b78a1038b435
      size: 1350
    outs:
    - path: data/processed/test_news.csv
      md5: 2521806c3bef53a379cf69ee70bd2db9
      size: 6311634
    - path: data/processed/train_news.csv
      md5: ab5fbd3a0c16d7286624669d67527bd9
      size: 24380112
